// !$*UTF8*$!
{
	archiveVersion = 1;
	classes = {
	};
	objectVersion = 50;
	objects = {

/* Begin PBXBuildFile section */
		7B5EAB5F25FDA9690035B3E6 /* CameraTestsApp.swift in Sources */ = {isa = PBXBuildFile; fileRef = 7B5EAB5E25FDA9690035B3E6 /* CameraTestsApp.swift */; };
		7B5EAB6125FDA9690035B3E6 /* ContentView.swift in Sources */ = {isa = PBXBuildFile; fileRef = 7B5EAB6025FDA9690035B3E6 /* ContentView.swift */; };
		7B5EAB6325FDA96A0035B3E6 /* Assets.xcassets in Resources */ = {isa = PBXBuildFile; fileRef = 7B5EAB6225FDA96A0035B3E6 /* Assets.xcassets */; };
		7B5EAB6625FDA96A0035B3E6 /* Preview Assets.xcassets in Resources */ = {isa = PBXBuildFile; fileRef = 7B5EAB6525FDA96A0035B3E6 /* Preview Assets.xcassets */; };
		7B5EAB7325FE9CC80035B3E6 /* CameraController.swift in Sources */ = {isa = PBXBuildFile; fileRef = 7B5EAB7225FE9CC80035B3E6 /* CameraController.swift */; };
/* End PBXBuildFile section */

/* Begin PBXFileReference section */
		7B5EAB5B25FDA9690035B3E6 /* CameraTests.app */ = {isa = PBXFileReference; explicitFileType = wrapper.application; includeInIndex = 0; path = CameraTests.app; sourceTree = BUILT_PRODUCTS_DIR; };
		7B5EAB5E25FDA9690035B3E6 /* CameraTestsApp.swift */ = {isa = PBXFileReference; lastKnownFileType = sourcecode.swift; path = CameraTestsApp.swift; sourceTree = "<group>"; };
		7B5EAB6025FDA9690035B3E6 /* ContentView.swift */ = {isa = PBXFileReference; lastKnownFileType = sourcecode.swift; path = ContentView.swift; sourceTree = "<group>"; };
		7B5EAB6225FDA96A0035B3E6 /* Assets.xcassets */ = {isa = PBXFileReference; lastKnownFileType = folder.assetcatalog; path = Assets.xcassets; sourceTree = "<group>"; };
		7B5EAB6525FDA96A0035B3E6 /* Preview Assets.xcassets */ = {isa = PBXFileReference; lastKnownFileType = folder.assetcatalog; path = "Preview Assets.xcassets"; sourceTree = "<group>"; };
		7B5EAB6725FDA96A0035B3E6 /* Info.plist */ = {isa = PBXFileReference; lastKnownFileType = text.plist.xml; path = Info.plist; sourceTree = "<group>"; };
		7B5EAB7225FE9CC80035B3E6 /* CameraController.swift */ = {isa = PBXFileReference; lastKnownFileType = sourcecode.swift; path = CameraController.swift; sourceTree = "<group>"; };
/* End PBXFileReference section */

/* Begin PBXFrameworksBuildPhase section */
		7B5EAB5825FDA9680035B3E6 /* Frameworks */ = {
			isa = PBXFrameworksBuildPhase;
			buildActionMask = 2147483647;
			files = (
			);
			runOnlyForDeploymentPostprocessing = 0;
		};
/* End PBXFrameworksBuildPhase section */

/* Begin PBXGroup section */
		7B5EAB5225FDA9680035B3E6 = {
			isa = PBXGroup;
			children = (
				7B5EAB5D25FDA9690035B3E6 /* CameraTests */,
				7B5EAB5C25FDA9690035B3E6 /* Products */,
			);
			sourceTree = "<group>";
		};
		7B5EAB5C25FDA9690035B3E6 /* Products */ = {
			isa = PBXGroup;
			children = (
				7B5EAB5B25FDA9690035B3E6 /* CameraTests.app */,
			);
			name = Products;
			sourceTree = "<group>";
		};
		7B5EAB5D25FDA9690035B3E6 /* CameraTests */ = {
			isa = PBXGroup;
			children = (
				7B5EAB5E25FDA9690035B3E6 /* CameraTestsApp.swift */,
				7B5EAB6025FDA9690035B3E6 /* ContentView.swift */,
				7B5EAB7225FE9CC80035B3E6 /* CameraController.swift */,
				7B5EAB6225FDA96A0035B3E6 /* Assets.xcassets */,
				7B5EAB6725FDA96A0035B3E6 /* Info.plist */,
				7B5EAB6425FDA96A0035B3E6 /* Preview Content */,
			);
			path = CameraTests;
			sourceTree = "<group>";
		};
		7B5EAB6425FDA96A0035B3E6 /* Preview Content */ = {
			isa = PBXGroup;
			children = (
				7B5EAB6525FDA96A0035B3E6 /* Preview Assets.xcassets */,
			);
			path = "Preview Content";
			sourceTree = "<group>";
		};
/* End PBXGroup section */

/* Begin PBXNativeTarget section */
		7B5EAB5A25FDA9680035B3E6 /* CameraTests */ = {
			isa = PBXNativeTarget;
			buildConfigurationList = 7B5EAB6A25FDA96A0035B3E6 /* Build configuration list for PBXNativeTarget "CameraTests" */;
			buildPhases = (
				7B5EAB5725FDA9680035B3E6 /* Sources */,
				7B5EAB5825FDA9680035B3E6 /* Frameworks */,
				7B5EAB5925FDA9680035B3E6 /* Resources */,
			);
			buildRules = (
			);
			dependencies = (
			);
			name = CameraTests;
			productName = CameraTests;
			productReference = 7B5EAB5B25FDA9690035B3E6 /* CameraTests.app */;
			productType = "com.apple.product-type.application";
		};
/* End PBXNativeTarget section */

/* Begin PBXProject section */
		7B5EAB5325FDA9680035B3E6 /* Project object */ = {
			isa = PBXProject;
			attributes = {
				LastSwiftUpdateCheck = 1240;
				LastUpgradeCheck = 1240;
				TargetAttributes = {
					7B5EAB5A25FDA9680035B3E6 = {
						CreatedOnToolsVersion = 12.4;
					};
				};
			};
			buildConfigurationList = 7B5EAB5625FDA9680035B3E6 /* Build configuration list for PBXProject "CameraTests" */;
			compatibilityVersion = "Xcode 9.3";
			developmentRegion = en;
			hasScannedForEncodings = 0;
			knownRegions = (
				en,
				Base,
			);
			mainGroup = 7B5EAB5225FDA9680035B3E6;
			productRefGroup = 7B5EAB5C25FDA9690035B3E6 /* Products */;
			projectDirPath = "";
			projectRoot = "";
			targets = (
				7B5EAB5A25FDA9680035B3E6 /* CameraTests */,
			);
		};
/* End PBXProject section */

/* Begin PBXResourcesBuildPhase section */
		7B5EAB5925FDA9680035B3E6 /* Resources */ = {
			isa = PBXResourcesBuildPhase;
			buildActionMask = 2147483647;
			files = (
				7B5EAB6625FDA96A0035B3E6 /* Preview Assets.xcassets in Resources */,
				7B5EAB6325FDA96A0035B3E6 /* Assets.xcassets in Resources */,
			);
			runOnlyForDeploymentPostprocessing = 0;
		};
/* End PBXResourcesBuildPhase section */

/* Begin PBXSourcesBuildPhase section */
		7B5EAB5725FDA9680035B3E6 /* Sources */ = {
			isa = PBXSourcesBuildPhase;
			buildActionMask = 2147483647;
			files = (
				7B5EAB7325FE9CC80035B3E6 /* CameraController.swift in Sources */,
				7B5EAB6125FDA9690035B3E6 /* ContentView.swift in Sources */,
				7B5EAB5F25FDA9690035B3E6 /* CameraTestsApp.swift in Sources */,
			);
			runOnlyForDeploymentPostprocessing = 0;
		};
/* End PBXSourcesBuildPhase section */

/* Begin XCBuildConfiguration section */
		7B5EAB6825FDA96A0035B3E6 /* Debug */ = {
			isa = XCBuildConfiguration;
			buildSettings = {
				ALWAYS_SEARCH_USER_PATHS = NO;
				CLANG_ANALYZER_NONNULL = YES;
				CLANG_ANALYZER_NUMBER_OBJECT_CONVERSION = YES_AGGRESSIVE;
				CLANG_CXX_LANGUAGE_STANDARD = "gnu++14";
				CLANG_CXX_LIBRARY = "libc++";
				CLANG_ENABLE_MODULES = YES;
				CLANG_ENABLE_OBJC_ARC = YES;
				CLANG_ENABLE_OBJC_WEAK = YES;
				CLANG_WARN_BLOCK_CAPTURE_AUTORELEASING = YES;
				CLANG_WARN_BOOL_CONVERSION = YES;
				CLANG_WARN_COMMA = YES;
				CLANG_WARN_CONSTANT_CONVERSION = YES;
				CLANG_WARN_DEPRECATED_OBJC_IMPLEMENTATIONS = YES;
				CLANG_WARN_DIRECT_OBJC_ISA_USAGE = YES_ERROR;
				CLANG_WARN_DOCUMENTATION_COMMENTS = YES;
				CLANG_WARN_EMPTY_BODY = YES;
				CLANG_WARN_ENUM_CONVERSION = YES;
				CLANG_WARN_INFINITE_RECURSION = YES;
				CLANG_WARN_INT_CONVERSION = YES;
				CLANG_WARN_NON_LITERAL_NULL_CONVERSION = YES;
				CLANG_WARN_OBJC_IMPLICIT_RETAIN_SELF = YES;
				CLANG_WARN_OBJC_LITERAL_CONVERSION = YES;
				CLANG_WARN_OBJC_ROOT_CLASS = YES_ERROR;
				CLANG_WARN_QUOTED_INCLUDE_IN_FRAMEWORK_HEADER = YES;
				CLANG_WARN_RANGE_LOOP_ANALYSIS = YES;
				CLANG_WARN_STRICT_PROTOTYPES = YES;
				CLANG_WARN_SUSPICIOUS_MOVE = YES;
				CLANG_WARN_UNGUARDED_AVAILABILITY = YES_AGGRESSIVE;
				CLANG_WARN_UNREACHABLE_CODE = YES;
				CLANG_WARN__DUPLICATE_METHOD_MATCH = YES;
				COPY_PHASE_STRIP = NO;
				DEBUG_INFORMATION_FORMAT = dwarf;
				ENABLE_STRICT_OBJC_MSGSEND = YES;
				ENABLE_TESTABILITY = YES;
				GCC_C_LANGUAGE_STANDARD = gnu11;
				GCC_DYNAMIC_NO_PIC = NO;
				GCC_NO_COMMON_BLOCKS = YES;
				GCC_OPTIMIZATION_LEVEL = 0;
				GCC_PREPROCESSOR_DEFINITIONS = (
					"DEBUG=1",
					"$(inherited)",
				);
				GCC_WARN_64_TO_32_BIT_CONVERSION = YES;
				GCC_WARN_ABOUT_RETURN_TYPE = YES_ERROR;
				GCC_WARN_UNDECLARED_SELECTOR = YES;
				GCC_WARN_UNINITIALIZED_AUTOS = YES_AGGRESSIVE;
				GCC_WARN_UNUSED_FUNCTION = YES;
				GCC_WARN_UNUSED_VARIABLE = YES;
				IPHONEOS_DEPLOYMENT_TARGET = 14.4;
				MTL_ENABLE_DEBUG_INFO = INCLUDE_SOURCE;
				MTL_FAST_MATH = YES;
				ONLY_ACTIVE_ARCH = YES;
				SDKROOT = iphoneos;
				SWIFT_ACTIVE_COMPILATION_CONDITIONS = DEBUG;
				SWIFT_OPTIMIZATION_LEVEL = "-Onone";
			};
			name = Debug;
		};
		7B5EAB6925FDA96A0035B3E6 /* Release */ = {
			isa = XCBuildConfiguration;
			buildSettings = {
				ALWAYS_SEARCH_USER_PATHS = NO;
				CLANG_ANALYZER_NONNULL = YES;
				CLANG_ANALYZER_NUMBER_OBJECT_CONVERSION = YES_AGGRESSIVE;
				CLANG_CXX_LANGUAGE_STANDARD = "gnu++14";
				CLANG_CXX_LIBRARY = "libc++";
				CLANG_ENABLE_MODULES = YES;
				CLANG_ENABLE_OBJC_ARC = YES;
				CLANG_ENABLE_OBJC_WEAK = YES;
				CLANG_WARN_BLOCK_CAPTURE_AUTORELEASING = YES;
				CLANG_WARN_BOOL_CONVERSION = YES;
				CLANG_WARN_COMMA = YES;
				CLANG_WARN_CONSTANT_CONVERSION = YES;
				CLANG_WARN_DEPRECATED_OBJC_IMPLEMENTATIONS = YES;
				CLANG_WARN_DIRECT_OBJC_ISA_USAGE = YES_ERROR;
				CLANG_WARN_DOCUMENTATION_COMMENTS = YES;
				CLANG_WARN_EMPTY_BODY = YES;
				CLANG_WARN_ENUM_CONVERSION = YES;
				CLANG_WARN_INFINITE_RECURSION = YES;
				CLANG_WARN_INT_CONVERSION = YES;
				CLANG_WARN_NON_LITERAL_NULL_CONVERSION = YES;
				CLANG_WARN_OBJC_IMPLICIT_RETAIN_SELF = YES;
				CLANG_WARN_OBJC_LITERAL_CONVERSION = YES;
				CLANG_WARN_OBJC_ROOT_CLASS = YES_ERROR;
				CLANG_WARN_QUOTED_INCLUDE_IN_FRAMEWORK_HEADER = YES;
				CLANG_WARN_RANGE_LOOP_ANALYSIS = YES;
				CLANG_WARN_STRICT_PROTOTYPES = YES;
				CLANG_WARN_SUSPICIOUS_MOVE = YES;
				CLANG_WARN_UNGUARDED_AVAILABILITY = YES_AGGRESSIVE;
				CLANG_WARN_UNREACHABLE_CODE = YES;
				CLANG_WARN__DUPLICATE_METHOD_MATCH = YES;
				COPY_PHASE_STRIP = NO;
				DEBUG_INFORMATION_FORMAT = "dwarf-with-dsym";
				ENABLE_NS_ASSERTIONS = NO;
				ENABLE_STRICT_OBJC_MSGSEND = YES;
				GCC_C_LANGUAGE_STANDARD = gnu11;
				GCC_NO_COMMON_BLOCKS = YES;
				GCC_WARN_64_TO_32_BIT_CONVERSION = YES;
				GCC_WARN_ABOUT_RETURN_TYPE = YES_ERROR;
				GCC_WARN_UNDECLARED_SELECTOR = YES;
				GCC_WARN_UNINITIALIZED_AUTOS = YES_AGGRESSIVE;
				GCC_WARN_UNUSED_FUNCTION = YES;
				GCC_WARN_UNUSED_VARIABLE = YES;
				IPHONEOS_DEPLOYMENT_TARGET = 14.4;
				MTL_ENABLE_DEBUG_INFO = NO;
				MTL_FAST_MATH = YES;
				SDKROOT = iphoneos;
				SWIFT_COMPILATION_MODE = wholemodule;
				SWIFT_OPTIMIZATION_LEVEL = "-O";
				VALIDATE_PRODUCT = YES;
			};
			name = Release;
		};
		7B5EAB6B25FDA96A0035B3E6 /* Debug */ = {
			isa = XCBuildConfiguration;
			buildSettings = {
				ASSETCATALOG_COMPILER_APPICON_NAME = AppIcon;
				ASSETCATALOG_COMPILER_GLOBAL_ACCENT_COLOR_NAME = AccentColor;
				CODE_SIGN_STYLE = Automatic;
				DEVELOPMENT_ASSET_PATHS = "\"CameraTests/Preview Content\"";
				DEVELOPMENT_TEAM = AH2T4XF947;
				ENABLE_PREVIEWS = YES;
				INFOPLIST_FILE = CameraTests/Info.plist;
				IPHONEOS_DEPLOYMENT_TARGET = 14.0;
				LD_RUNPATH_SEARCH_PATHS = (
					"$(inherited)",
					"@executable_path/Frameworks",
				);
				PRODUCT_BUNDLE_IDENTIFIER = "bilel-hattay.CameraTests";
				PRODUCT_NAME = "$(TARGET_NAME)";
				SWIFT_VERSION = 5.0;
				TARGETED_DEVICE_FAMILY = "1,2";
			};
			name = Debug;
		};
		7B5EAB6C25FDA96A0035B3E6 /* Release */ = {
			isa = XCBuildConfiguration;
			buildSettings = {
				ASSETCATALOG_COMPILER_APPICON_NAME = AppIcon;
				ASSETCATALOG_COMPILER_GLOBAL_ACCENT_COLOR_NAME = AccentColor;
				CODE_SIGN_STYLE = Automatic;
				DEVELOPMENT_ASSET_PATHS = "\"CameraTests/Preview Content\"";
				DEVELOPMENT_TEAM = AH2T4XF947;
				ENABLE_PREVIEWS = YES;
				INFOPLIST_FILE = CameraTests/Info.plist;
				IPHONEOS_DEPLOYMENT_TARGET = 14.0;
				LD_RUNPATH_SEARCH_PATHS = (
					"$(inherited)",
					"@executable_path/Frameworks",
				);
				PRODUCT_BUNDLE_IDENTIFIER = "bilel-hattay.CameraTests";
				PRODUCT_NAME = "$(TARGET_NAME)";
				SWIFT_VERSION = 5.0;
				TARGETED_DEVICE_FAMILY = "1,2";
			};
			name = Release;
		};
/* End XCBuildConfiguration section */

/* Begin XCConfigurationList section */
		7B5EAB5625FDA9680035B3E6 /* Build configuration list for PBXProject "CameraTests" */ = {
			isa = XCConfigurationList;
			buildConfigurations = (
				7B5EAB6825FDA96A0035B3E6 /* Debug */,
				7B5EAB6925FDA96A0035B3E6 /* Release */,
			);
			defaultConfigurationIsVisible = 0;
			defaultConfigurationName = Release;
		};
		7B5EAB6A25FDA96A0035B3E6 /* Build configuration list for PBXNativeTarget "CameraTests" */ = {
			isa = XCConfigurationList;
			buildConfigurations = (
				7B5EAB6B25FDA96A0035B3E6 /* Debug */,
				7B5EAB6C25FDA96A0035B3E6 /* Release */,
			);
			defaultConfigurationIsVisible = 0;
			defaultConfigurationName = Release;
		};
/* End XCConfigurationList section */
	};
	rootObject = 7B5EAB5325FDA9680035B3E6 /* Project object */;
}
